// !$*UTF8*$!
{
	archiveVersion = 1;
	classes = {
	};
	objectVersion = 55;
	objects = {

/* Begin PBXBuildFile section */
		5D1E49302A38307D001D2D09 /* ProfileViewModel.swift in Sources */ = {isa = PBXBuildFile; fileRef = 5D1E492F2A38307D001D2D09 /* ProfileViewModel.swift */; };
		5D1E49322A383AA7001D2D09 /* UserService.swift in Sources */ = {isa = PBXBuildFile; fileRef = 5D1E49312A383AA7001D2D09 /* UserService.swift */; };
		5D483B4C2A3AE0540036F351 /* TextArea.swift in Sources */ = {isa = PBXBuildFile; fileRef = 5D483B4B2A3AE0540036F351 /* TextArea.swift */; };
		5D483B4E2A3AF63C0036F351 /* Post.swift in Sources */ = {isa = PBXBuildFile; fileRef = 5D483B4D2A3AF63C0036F351 /* Post.swift */; };
		5D483B502A3AF8550036F351 /* FeedViewModel.swift in Sources */ = {isa = PBXBuildFile; fileRef = 5D483B4F2A3AF8550036F351 /* FeedViewModel.swift */; };
		5D483B562A3D3B520036F351 /* FeedCellViewModel.swift in Sources */ = {isa = PBXBuildFile; fileRef = 5D483B552A3D3B520036F351 /* FeedCellViewModel.swift */; };
		5D52A6402A108950007B304C /* ProfileActionButtonView.swift in Sources */ = {isa = PBXBuildFile; fileRef = 5D52A63F2A108950007B304C /* ProfileActionButtonView.swift */; };
		5D52A6422A118218007B304C /* ImagePicker.swift in Sources */ = {isa = PBXBuildFile; fileRef = 5D52A6412A118218007B304C /* ImagePicker.swift */; };
		5D52A6442A11C94E007B304C /* LoginView.swift in Sources */ = {isa = PBXBuildFile; fileRef = 5D52A6432A11C94E007B304C /* LoginView.swift */; };
		5D52A6462A11C95F007B304C /* RegistrationView.swift in Sources */ = {isa = PBXBuildFile; fileRef = 5D52A6452A11C95F007B304C /* RegistrationView.swift */; };
		5D52A64A2A11C9C2007B304C /* ResetPasswordView.swift in Sources */ = {isa = PBXBuildFile; fileRef = 5D52A6492A11C9C2007B304C /* ResetPasswordView.swift */; };
		5D5348A22A2578890027CCDE /* GoogleService-Info.plist in Resources */ = {isa = PBXBuildFile; fileRef = 5D5348A12A2578890027CCDE /* GoogleService-Info.plist */; };
		5D5348A42A25805A0027CCDE /* AuthViewModel.swift in Sources */ = {isa = PBXBuildFile; fileRef = 5D5348A32A25805A0027CCDE /* AuthViewModel.swift */; };
		5D6ACEE02A2B03DA00AAFC00 /* ImageUploader.swift in Sources */ = {isa = PBXBuildFile; fileRef = 5D6ACEDF2A2B03DA00AAFC00 /* ImageUploader.swift */; };
		5D6ACEE22A32C86E00AAFC00 /* Constants.swift in Sources */ = {isa = PBXBuildFile; fileRef = 5D6ACEE12A32C86E00AAFC00 /* Constants.swift */; };
		5D6ACEE42A32D72F00AAFC00 /* User.swift in Sources */ = {isa = PBXBuildFile; fileRef = 5D6ACEE32A32D72F00AAFC00 /* User.swift */; };
		5D6ACEE72A32DB0E00AAFC00 /* FirebaseAnalytics in Frameworks */ = {isa = PBXBuildFile; productRef = 5D6ACEE62A32DB0E00AAFC00 /* FirebaseAnalytics */; };
		5D6ACEE92A32DB0E00AAFC00 /* FirebaseAuth in Frameworks */ = {isa = PBXBuildFile; productRef = 5D6ACEE82A32DB0E00AAFC00 /* FirebaseAuth */; };
		5D6ACEEB2A32DB0E00AAFC00 /* FirebaseFirestore in Frameworks */ = {isa = PBXBuildFile; productRef = 5D6ACEEA2A32DB0E00AAFC00 /* FirebaseFirestore */; };
		5D6ACEED2A32DB0E00AAFC00 /* FirebaseFirestoreCombine-Community in Frameworks */ = {isa = PBXBuildFile; productRef = 5D6ACEEC2A32DB0E00AAFC00 /* FirebaseFirestoreCombine-Community */; };
		5D6ACEEF2A32DB0E00AAFC00 /* FirebaseFirestoreSwift in Frameworks */ = {isa = PBXBuildFile; productRef = 5D6ACEEE2A32DB0E00AAFC00 /* FirebaseFirestoreSwift */; };
		5D6ACEF12A32DB0E00AAFC00 /* FirebaseFunctions in Frameworks */ = {isa = PBXBuildFile; productRef = 5D6ACEF02A32DB0E00AAFC00 /* FirebaseFunctions */; };
		5D6ACEF32A32DB0E00AAFC00 /* FirebaseFunctionsCombine-Community in Frameworks */ = {isa = PBXBuildFile; productRef = 5D6ACEF22A32DB0E00AAFC00 /* FirebaseFunctionsCombine-Community */; };
		5D6ACEF52A32DB0E00AAFC00 /* FirebaseInAppMessaging-Beta in Frameworks */ = {isa = PBXBuildFile; productRef = 5D6ACEF42A32DB0E00AAFC00 /* FirebaseInAppMessaging-Beta */; };
		5D6ACEF72A32DB0E00AAFC00 /* FirebaseInAppMessagingSwift-Beta in Frameworks */ = {isa = PBXBuildFile; productRef = 5D6ACEF62A32DB0E00AAFC00 /* FirebaseInAppMessagingSwift-Beta */; };
		5D6ACEF92A32DB0E00AAFC00 /* FirebaseMessaging in Frameworks */ = {isa = PBXBuildFile; productRef = 5D6ACEF82A32DB0E00AAFC00 /* FirebaseMessaging */; };
		5D6ACEFB2A32DB0E00AAFC00 /* FirebaseStorage in Frameworks */ = {isa = PBXBuildFile; productRef = 5D6ACEFA2A32DB0E00AAFC00 /* FirebaseStorage */; };
		5D6ACEFD2A32DFFE00AAFC00 /* SearchViewModel.swift in Sources */ = {isa = PBXBuildFile; fileRef = 5D6ACEFC2A32DFFE00AAFC00 /* SearchViewModel.swift */; };
		5D719A612A39857200BDE770 /* UploadPostViewModel.swift in Sources */ = {isa = PBXBuildFile; fileRef = 5D719A602A39857200BDE770 /* UploadPostViewModel.swift */; };
		5D89AE8A2A0957D000765583 /* NotificationCell.swift in Sources */ = {isa = PBXBuildFile; fileRef = 5D89AE892A0957D000765583 /* NotificationCell.swift */; };
		5D89AE8C2A09D4FC00765583 /* ProfileHeaderView.swift in Sources */ = {isa = PBXBuildFile; fileRef = 5D89AE8B2A09D4FC00765583 /* ProfileHeaderView.swift */; };
		5D89AE8E2A0A212A00765583 /* UserStatView.swift in Sources */ = {isa = PBXBuildFile; fileRef = 5D89AE8D2A0A212A00765583 /* UserStatView.swift */; };
		5DB4C6702A089B96004BEAA6 /* SearchBar.swift in Sources */ = {isa = PBXBuildFile; fileRef = 5DB4C66F2A089B96004BEAA6 /* SearchBar.swift */; };
		5DB4C6722A08AE19004BEAA6 /* PostGridView.swift in Sources */ = {isa = PBXBuildFile; fileRef = 5DB4C6712A08AE19004BEAA6 /* PostGridView.swift */; };
		5DB4C6742A08AFCC004BEAA6 /* Extentions.swift in Sources */ = {isa = PBXBuildFile; fileRef = 5DB4C6732A08AFCC004BEAA6 /* Extentions.swift */; };
		5DB4C6762A08B6E6004BEAA6 /* UserCell.swift in Sources */ = {isa = PBXBuildFile; fileRef = 5DB4C6752A08B6E6004BEAA6 /* UserCell.swift */; };
		5DB4C6782A08B711004BEAA6 /* UserListView.swift in Sources */ = {isa = PBXBuildFile; fileRef = 5DB4C6772A08B711004BEAA6 /* UserListView.swift */; };
		5DD5E4F72A075C3A003AE566 /* swiftUIInstagramApp.swift in Sources */ = {isa = PBXBuildFile; fileRef = 5DD5E4F62A075C3A003AE566 /* swiftUIInstagramApp.swift */; };
		5DD5E4FB2A075C3C003AE566 /* Assets.xcassets in Resources */ = {isa = PBXBuildFile; fileRef = 5DD5E4FA2A075C3C003AE566 /* Assets.xcassets */; };
		5DD5E4FE2A075C3C003AE566 /* Preview Assets.xcassets in Resources */ = {isa = PBXBuildFile; fileRef = 5DD5E4FD2A075C3C003AE566 /* Preview Assets.xcassets */; };
		5DD5E50D2A075DDA003AE566 /* ContentView.swift in Sources */ = {isa = PBXBuildFile; fileRef = 5DD5E50C2A075DDA003AE566 /* ContentView.swift */; };
		5DD5E51C2A07A9EE003AE566 /* MainTabView.swift in Sources */ = {isa = PBXBuildFile; fileRef = 5DD5E51B2A07A9EE003AE566 /* MainTabView.swift */; };
		5DD5E51E2A07AA46003AE566 /* FeedView.swift in Sources */ = {isa = PBXBuildFile; fileRef = 5DD5E51D2A07AA46003AE566 /* FeedView.swift */; };
		5DD5E5202A07AA88003AE566 /* SearchView.swift in Sources */ = {isa = PBXBuildFile; fileRef = 5DD5E51F2A07AA88003AE566 /* SearchView.swift */; };
		5DD5E5222A07AAA5003AE566 /* NotificationView.swift in Sources */ = {isa = PBXBuildFile; fileRef = 5DD5E5212A07AAA5003AE566 /* NotificationView.swift */; };
		5DD5E5242A07AAC1003AE566 /* UploadPostView.swift in Sources */ = {isa = PBXBuildFile; fileRef = 5DD5E5232A07AAC1003AE566 /* UploadPostView.swift */; };
		5DD5E5262A07AAD1003AE566 /* ProfileView.swift in Sources */ = {isa = PBXBuildFile; fileRef = 5DD5E5252A07AAD1003AE566 /* ProfileView.swift */; };
		5DD5E5282A07C330003AE566 /* FeedCell.swift in Sources */ = {isa = PBXBuildFile; fileRef = 5DD5E5272A07C330003AE566 /* FeedCell.swift */; };
		5DFCB6EC2A215DE000F1AE3F /* CustomTextField.swift in Sources */ = {isa = PBXBuildFile; fileRef = 5DFCB6EB2A215DE000F1AE3F /* CustomTextField.swift */; };
		5DFCB6EE2A21602F00F1AE3F /* CustomSecureField.swift in Sources */ = {isa = PBXBuildFile; fileRef = 5DFCB6ED2A21602F00F1AE3F /* CustomSecureField.swift */; };
		5DFCB7062A25492300F1AE3F /* Kingfisher in Frameworks */ = {isa = PBXBuildFile; productRef = 5DFCB7052A25492300F1AE3F /* Kingfisher */; };
/* End PBXBuildFile section */

/* Begin PBXFileReference section */
		5D1E492F2A38307D001D2D09 /* ProfileViewModel.swift */ = {isa = PBXFileReference; lastKnownFileType = sourcecode.swift; path = ProfileViewModel.swift; sourceTree = "<group>"; };
		5D1E49312A383AA7001D2D09 /* UserService.swift */ = {isa = PBXFileReference; lastKnownFileType = sourcecode.swift; path = UserService.swift; sourceTree = "<group>"; };
		5D483B4B2A3AE0540036F351 /* TextArea.swift */ = {isa = PBXFileReference; lastKnownFileType = sourcecode.swift; path = TextArea.swift; sourceTree = "<group>"; };
		5D483B4D2A3AF63C0036F351 /* Post.swift */ = {isa = PBXFileReference; lastKnownFileType = sourcecode.swift; path = Post.swift; sourceTree = "<group>"; };
		5D483B4F2A3AF8550036F351 /* FeedViewModel.swift */ = {isa = PBXFileReference; lastKnownFileType = sourcecode.swift; path = FeedViewModel.swift; sourceTree = "<group>"; };
		5D483B552A3D3B520036F351 /* FeedCellViewModel.swift */ = {isa = PBXFileReference; lastKnownFileType = sourcecode.swift; path = FeedCellViewModel.swift; sourceTree = "<group>"; };
		5D52A63F2A108950007B304C /* ProfileActionButtonView.swift */ = {isa = PBXFileReference; lastKnownFileType = sourcecode.swift; path = ProfileActionButtonView.swift; sourceTree = "<group>"; };
		5D52A6412A118218007B304C /* ImagePicker.swift */ = {isa = PBXFileReference; lastKnownFileType = sourcecode.swift; path = ImagePicker.swift; sourceTree = "<group>"; };
		5D52A6432A11C94E007B304C /* LoginView.swift */ = {isa = PBXFileReference; lastKnownFileType = sourcecode.swift; path = LoginView.swift; sourceTree = "<group>"; };
		5D52A6452A11C95F007B304C /* RegistrationView.swift */ = {isa = PBXFileReference; lastKnownFileType = sourcecode.swift; path = RegistrationView.swift; sourceTree = "<group>"; };
		5D52A6492A11C9C2007B304C /* ResetPasswordView.swift */ = {isa = PBXFileReference; lastKnownFileType = sourcecode.swift; path = ResetPasswordView.swift; sourceTree = "<group>"; };
		5D5348A12A2578890027CCDE /* GoogleService-Info.plist */ = {isa = PBXFileReference; lastKnownFileType = text.plist; path = "GoogleService-Info.plist"; sourceTree = SOURCE_ROOT; };
		5D5348A32A25805A0027CCDE /* AuthViewModel.swift */ = {isa = PBXFileReference; lastKnownFileType = sourcecode.swift; path = AuthViewModel.swift; sourceTree = "<group>"; };
		5D6ACEDF2A2B03DA00AAFC00 /* ImageUploader.swift */ = {isa = PBXFileReference; lastKnownFileType = sourcecode.swift; path = ImageUploader.swift; sourceTree = "<group>"; };
		5D6ACEE12A32C86E00AAFC00 /* Constants.swift */ = {isa = PBXFileReference; lastKnownFileType = sourcecode.swift; path = Constants.swift; sourceTree = "<group>"; };
		5D6ACEE32A32D72F00AAFC00 /* User.swift */ = {isa = PBXFileReference; lastKnownFileType = sourcecode.swift; path = User.swift; sourceTree = "<group>"; };
		5D6ACEFC2A32DFFE00AAFC00 /* SearchViewModel.swift */ = {isa = PBXFileReference; lastKnownFileType = sourcecode.swift; path = SearchViewModel.swift; sourceTree = "<group>"; };
		5D719A602A39857200BDE770 /* UploadPostViewModel.swift */ = {isa = PBXFileReference; lastKnownFileType = sourcecode.swift; path = UploadPostViewModel.swift; sourceTree = "<group>"; };
		5D89AE892A0957D000765583 /* NotificationCell.swift */ = {isa = PBXFileReference; lastKnownFileType = sourcecode.swift; path = NotificationCell.swift; sourceTree = "<group>"; };
		5D89AE8B2A09D4FC00765583 /* ProfileHeaderView.swift */ = {isa = PBXFileReference; lastKnownFileType = sourcecode.swift; path = ProfileHeaderView.swift; sourceTree = "<group>"; };
		5D89AE8D2A0A212A00765583 /* UserStatView.swift */ = {isa = PBXFileReference; lastKnownFileType = sourcecode.swift; path = UserStatView.swift; sourceTree = "<group>"; };
		5DB4C66F2A089B96004BEAA6 /* SearchBar.swift */ = {isa = PBXFileReference; lastKnownFileType = sourcecode.swift; path = SearchBar.swift; sourceTree = "<group>"; };
		5DB4C6712A08AE19004BEAA6 /* PostGridView.swift */ = {isa = PBXFileReference; lastKnownFileType = sourcecode.swift; path = PostGridView.swift; sourceTree = "<group>"; };
		5DB4C6732A08AFCC004BEAA6 /* Extentions.swift */ = {isa = PBXFileReference; lastKnownFileType = sourcecode.swift; path = Extentions.swift; sourceTree = "<group>"; };
		5DB4C6752A08B6E6004BEAA6 /* UserCell.swift */ = {isa = PBXFileReference; lastKnownFileType = sourcecode.swift; path = UserCell.swift; sourceTree = "<group>"; };
		5DB4C6772A08B711004BEAA6 /* UserListView.swift */ = {isa = PBXFileReference; lastKnownFileType = sourcecode.swift; path = UserListView.swift; sourceTree = "<group>"; };
		5DD5E4F32A075C3A003AE566 /* swiftUIInstagram.app */ = {isa = PBXFileReference; explicitFileType = wrapper.application; includeInIndex = 0; path = swiftUIInstagram.app; sourceTree = BUILT_PRODUCTS_DIR; };
		5DD5E4F62A075C3A003AE566 /* swiftUIInstagramApp.swift */ = {isa = PBXFileReference; lastKnownFileType = sourcecode.swift; path = swiftUIInstagramApp.swift; sourceTree = "<group>"; };
		5DD5E4FA2A075C3C003AE566 /* Assets.xcassets */ = {isa = PBXFileReference; lastKnownFileType = folder.assetcatalog; path = Assets.xcassets; sourceTree = "<group>"; };
		5DD5E4FD2A075C3C003AE566 /* Preview Assets.xcassets */ = {isa = PBXFileReference; lastKnownFileType = folder.assetcatalog; path = "Preview Assets.xcassets"; sourceTree = "<group>"; };
		5DD5E50C2A075DDA003AE566 /* ContentView.swift */ = {isa = PBXFileReference; lastKnownFileType = sourcecode.swift; path = ContentView.swift; sourceTree = "<group>"; };
		5DD5E51B2A07A9EE003AE566 /* MainTabView.swift */ = {isa = PBXFileReference; lastKnownFileType = sourcecode.swift; path = MainTabView.swift; sourceTree = "<group>"; };
		5DD5E51D2A07AA46003AE566 /* FeedView.swift */ = {isa = PBXFileReference; lastKnownFileType = sourcecode.swift; path = FeedView.swift; sourceTree = "<group>"; };
		5DD5E51F2A07AA88003AE566 /* SearchView.swift */ = {isa = PBXFileReference; lastKnownFileType = sourcecode.swift; path = SearchView.swift; sourceTree = "<group>"; };
		5DD5E5212A07AAA5003AE566 /* NotificationView.swift */ = {isa = PBXFileReference; lastKnownFileType = sourcecode.swift; path = NotificationView.swift; sourceTree = "<group>"; };
		5DD5E5232A07AAC1003AE566 /* UploadPostView.swift */ = {isa = PBXFileReference; lastKnownFileType = sourcecode.swift; path = UploadPostView.swift; sourceTree = "<group>"; };
		5DD5E5252A07AAD1003AE566 /* ProfileView.swift */ = {isa = PBXFileReference; lastKnownFileType = sourcecode.swift; path = ProfileView.swift; sourceTree = "<group>"; };
		5DD5E5272A07C330003AE566 /* FeedCell.swift */ = {isa = PBXFileReference; lastKnownFileType = sourcecode.swift; path = FeedCell.swift; sourceTree = "<group>"; };
		5DFCB6EB2A215DE000F1AE3F /* CustomTextField.swift */ = {isa = PBXFileReference; lastKnownFileType = sourcecode.swift; path = CustomTextField.swift; sourceTree = "<group>"; };
		5DFCB6ED2A21602F00F1AE3F /* CustomSecureField.swift */ = {isa = PBXFileReference; lastKnownFileType = sourcecode.swift; path = CustomSecureField.swift; sourceTree = "<group>"; };
/* End PBXFileReference section */

/* Begin PBXFrameworksBuildPhase section */
		5DD5E4F02A075C3A003AE566 /* Frameworks */ = {
			isa = PBXFrameworksBuildPhase;
			buildActionMask = 2147483647;
			files = (
				5D6ACEE72A32DB0E00AAFC00 /* FirebaseAnalytics in Frameworks */,
				5D6ACEF12A32DB0E00AAFC00 /* FirebaseFunctions in Frameworks */,
				5D6ACEF72A32DB0E00AAFC00 /* FirebaseInAppMessagingSwift-Beta in Frameworks */,
				5D6ACEF52A32DB0E00AAFC00 /* FirebaseInAppMessaging-Beta in Frameworks */,
				5D6ACEEB2A32DB0E00AAFC00 /* FirebaseFirestore in Frameworks */,
				5D6ACEFB2A32DB0E00AAFC00 /* FirebaseStorage in Frameworks */,
				5D6ACEE92A32DB0E00AAFC00 /* FirebaseAuth in Frameworks */,
				5D6ACEED2A32DB0E00AAFC00 /* FirebaseFirestoreCombine-Community in Frameworks */,
				5DFCB7062A25492300F1AE3F /* Kingfisher in Frameworks */,
				5D6ACEEF2A32DB0E00AAFC00 /* FirebaseFirestoreSwift in Frameworks */,
				5D6ACEF92A32DB0E00AAFC00 /* FirebaseMessaging in Frameworks */,
				5D6ACEF32A32DB0E00AAFC00 /* FirebaseFunctionsCombine-Community in Frameworks */,
			);
			runOnlyForDeploymentPostprocessing = 0;
		};
/* End PBXFrameworksBuildPhase section */

/* Begin PBXGroup section */
		5DD5E4EA2A075C3A003AE566 = {
			isa = PBXGroup;
			children = (
				5DD5E4F52A075C3A003AE566 /* swiftUIInstagram */,
				5DD5E4F42A075C3A003AE566 /* Products */,
			);
			sourceTree = "<group>";
		};
		5DD5E4F42A075C3A003AE566 /* Products */ = {
			isa = PBXGroup;
			children = (
				5DD5E4F32A075C3A003AE566 /* swiftUIInstagram.app */,
			);
			name = Products;
			sourceTree = "<group>";
		};
		5DD5E4F52A075C3A003AE566 /* swiftUIInstagram */ = {
			isa = PBXGroup;
			children = (
				5DD5E5062A075CD5003AE566 /* View */,
				5DD5E50A2A075D14003AE566 /* Utils */,
				5DD5E5092A075CFC003AE566 /* API */,
				5DD5E5082A075CEB003AE566 /* ViewModel */,
				5DD5E5042A075C92003AE566 /* Model */,
				5DD5E4F62A075C3A003AE566 /* swiftUIInstagramApp.swift */,
				5D5348A12A2578890027CCDE /* GoogleService-Info.plist */,
				5DD5E4FA2A075C3C003AE566 /* Assets.xcassets */,
				5DD5E4FC2A075C3C003AE566 /* Preview Content */,
			);
			path = swiftUIInstagram;
			sourceTree = "<group>";
		};
		5DD5E4FC2A075C3C003AE566 /* Preview Content */ = {
			isa = PBXGroup;
			children = (
				5DD5E4FD2A075C3C003AE566 /* Preview Assets.xcassets */,
			);
			path = "Preview Content";
			sourceTree = "<group>";
		};
		5DD5E5042A075C92003AE566 /* Model */ = {
			isa = PBXGroup;
			children = (
				5D6ACEE32A32D72F00AAFC00 /* User.swift */,
				5D483B4D2A3AF63C0036F351 /* Post.swift */,
			);
			path = Model;
			sourceTree = "<group>";
		};
		5DD5E5062A075CD5003AE566 /* View */ = {
			isa = PBXGroup;
			children = (
				5DD5E5162A075E96003AE566 /* SharedComponents */,
				5DD5E5152A075E8C003AE566 /* Profile */,
				5DD5E5142A075E7C003AE566 /* UploadPost */,
				5DD5E5132A075E74003AE566 /* Feed */,
				5DD5E5122A075E6A003AE566 /* Comments */,
				5DD5E5112A075E59003AE566 /* Authentication */,
				5DD5E5102A075E41003AE566 /* Notifications */,
				5DD5E50F2A075E34003AE566 /* Search */,
				5DD5E50B2A075D84003AE566 /* Main */,
			);
			path = View;
			sourceTree = "<group>";
		};
		5DD5E5082A075CEB003AE566 /* ViewModel */ = {
			isa = PBXGroup;
			children = (
				5DD5E51A2A075F01003AE566 /* Profile */,
				5DD5E5192A075EF6003AE566 /* Authentication */,
				5DD5E5182A075EE8003AE566 /* Notifications */,
				5DD5E5172A075EE1003AE566 /* Feed */,
				5D6ACEFC2A32DFFE00AAFC00 /* SearchViewModel.swift */,
				5D719A602A39857200BDE770 /* UploadPostViewModel.swift */,
			);
			path = ViewModel;
			sourceTree = "<group>";
		};
		5DD5E5092A075CFC003AE566 /* API */ = {
			isa = PBXGroup;
			children = (
				5D6ACEDF2A2B03DA00AAFC00 /* ImageUploader.swift */,
				5D1E49312A383AA7001D2D09 /* UserService.swift */,
			);
			path = API;
			sourceTree = "<group>";
		};
		5DD5E50A2A075D14003AE566 /* Utils */ = {
			isa = PBXGroup;
			children = (
				5DB4C6732A08AFCC004BEAA6 /* Extentions.swift */,
				5D52A6412A118218007B304C /* ImagePicker.swift */,
				5DFCB6EB2A215DE000F1AE3F /* CustomTextField.swift */,
				5DFCB6ED2A21602F00F1AE3F /* CustomSecureField.swift */,
				5D6ACEE12A32C86E00AAFC00 /* Constants.swift */,
				5D483B4B2A3AE0540036F351 /* TextArea.swift */,
			);
			path = Utils;
			sourceTree = "<group>";
		};
		5DD5E50B2A075D84003AE566 /* Main */ = {
			isa = PBXGroup;
			children = (
				5DD5E50C2A075DDA003AE566 /* ContentView.swift */,
				5DD5E51B2A07A9EE003AE566 /* MainTabView.swift */,
			);
			path = Main;
			sourceTree = "<group>";
		};
		5DD5E50F2A075E34003AE566 /* Search */ = {
			isa = PBXGroup;
			children = (
				5DD5E51F2A07AA88003AE566 /* SearchView.swift */,
				5DB4C66F2A089B96004BEAA6 /* SearchBar.swift */,
			);
			path = Search;
			sourceTree = "<group>";
		};
		5DD5E5102A075E41003AE566 /* Notifications */ = {
			isa = PBXGroup;
			children = (
				5DD5E5212A07AAA5003AE566 /* NotificationView.swift */,
				5D89AE892A0957D000765583 /* NotificationCell.swift */,
			);
			path = Notifications;
			sourceTree = "<group>";
		};
		5DD5E5112A075E59003AE566 /* Authentication */ = {
			isa = PBXGroup;
			children = (
				5D52A6432A11C94E007B304C /* LoginView.swift */,
				5D52A6452A11C95F007B304C /* RegistrationView.swift */,
				5D52A6492A11C9C2007B304C /* ResetPasswordView.swift */,
			);
			path = Authentication;
			sourceTree = "<group>";
		};
		5DD5E5122A075E6A003AE566 /* Comments */ = {
			isa = PBXGroup;
			children = (
			);
			path = Comments;
			sourceTree = "<group>";
		};
		5DD5E5132A075E74003AE566 /* Feed */ = {
			isa = PBXGroup;
			children = (
				5DD5E51D2A07AA46003AE566 /* FeedView.swift */,
				5DD5E5272A07C330003AE566 /* FeedCell.swift */,
			);
			path = Feed;
			sourceTree = "<group>";
		};
		5DD5E5142A075E7C003AE566 /* UploadPost */ = {
			isa = PBXGroup;
			children = (
				5DD5E5232A07AAC1003AE566 /* UploadPostView.swift */,
			);
			path = UploadPost;
			sourceTree = "<group>";
		};
		5DD5E5152A075E8C003AE566 /* Profile */ = {
			isa = PBXGroup;
			children = (
				5DD5E5252A07AAD1003AE566 /* ProfileView.swift */,
				5D89AE8B2A09D4FC00765583 /* ProfileHeaderView.swift */,
				5D89AE8D2A0A212A00765583 /* UserStatView.swift */,
				5D52A63F2A108950007B304C /* ProfileActionButtonView.swift */,
			);
			path = Profile;
			sourceTree = "<group>";
		};
		5DD5E5162A075E96003AE566 /* SharedComponents */ = {
			isa = PBXGroup;
			children = (
				5DB4C6712A08AE19004BEAA6 /* PostGridView.swift */,
				5DB4C6752A08B6E6004BEAA6 /* UserCell.swift */,
				5DB4C6772A08B711004BEAA6 /* UserListView.swift */,
			);
			path = SharedComponents;
			sourceTree = "<group>";
		};
		5DD5E5172A075EE1003AE566 /* Feed */ = {
			isa = PBXGroup;
			children = (
				5D483B4F2A3AF8550036F351 /* FeedViewModel.swift */,
				5D483B552A3D3B520036F351 /* FeedCellViewModel.swift */,
			);
			path = Feed;
			sourceTree = "<group>";
		};
		5DD5E5182A075EE8003AE566 /* Notifications */ = {
			isa = PBXGroup;
			children = (
			);
			path = Notifications;
			sourceTree = "<group>";
		};
		5DD5E5192A075EF6003AE566 /* Authentication */ = {
			isa = PBXGroup;
			children = (
				5D5348A32A25805A0027CCDE /* AuthViewModel.swift */,
			);
			path = Authentication;
			sourceTree = "<group>";
		};
		5DD5E51A2A075F01003AE566 /* Profile */ = {
			isa = PBXGroup;
			children = (
				5D1E492F2A38307D001D2D09 /* ProfileViewModel.swift */,
			);
			path = Profile;
			sourceTree = "<group>";
		};
/* End PBXGroup section */

/* Begin PBXNativeTarget section */
		5DD5E4F22A075C3A003AE566 /* swiftUIInstagram */ = {
			isa = PBXNativeTarget;
			buildConfigurationList = 5DD5E5012A075C3C003AE566 /* Build configuration list for PBXNativeTarget "swiftUIInstagram" */;
			buildPhases = (
				5DD5E4EF2A075C3A003AE566 /* Sources */,
				5DD5E4F02A075C3A003AE566 /* Frameworks */,
				5DD5E4F12A075C3A003AE566 /* Resources */,
			);
			buildRules = (
			);
			dependencies = (
			);
			name = swiftUIInstagram;
			packageProductDependencies = (
				5DFCB7052A25492300F1AE3F /* Kingfisher */,
				5D6ACEE62A32DB0E00AAFC00 /* FirebaseAnalytics */,
				5D6ACEE82A32DB0E00AAFC00 /* FirebaseAuth */,
				5D6ACEEA2A32DB0E00AAFC00 /* FirebaseFirestore */,
				5D6ACEEC2A32DB0E00AAFC00 /* FirebaseFirestoreCombine-Community */,
				5D6ACEEE2A32DB0E00AAFC00 /* FirebaseFirestoreSwift */,
				5D6ACEF02A32DB0E00AAFC00 /* FirebaseFunctions */,
				5D6ACEF22A32DB0E00AAFC00 /* FirebaseFunctionsCombine-Community */,
				5D6ACEF42A32DB0E00AAFC00 /* FirebaseInAppMessaging-Beta */,
				5D6ACEF62A32DB0E00AAFC00 /* FirebaseInAppMessagingSwift-Beta */,
				5D6ACEF82A32DB0E00AAFC00 /* FirebaseMessaging */,
				5D6ACEFA2A32DB0E00AAFC00 /* FirebaseStorage */,
			);
			productName = swiftUIInstagram;
			productReference = 5DD5E4F32A075C3A003AE566 /* swiftUIInstagram.app */;
			productType = "com.apple.product-type.application";
		};
/* End PBXNativeTarget section */

/* Begin PBXProject section */
		5DD5E4EB2A075C3A003AE566 /* Project object */ = {
			isa = PBXProject;
			attributes = {
				BuildIndependentTargetsInParallel = 1;
				LastSwiftUpdateCheck = 1320;
				LastUpgradeCheck = 1320;
				TargetAttributes = {
					5DD5E4F22A075C3A003AE566 = {
						CreatedOnToolsVersion = 13.2;
					};
				};
			};
			buildConfigurationList = 5DD5E4EE2A075C3A003AE566 /* Build configuration list for PBXProject "swiftUIInstagram" */;
			compatibilityVersion = "Xcode 13.0";
			developmentRegion = en;
			hasScannedForEncodings = 0;
			knownRegions = (
				en,
				Base,
			);
			mainGroup = 5DD5E4EA2A075C3A003AE566;
			packageReferences = (
				5DFCB7042A25492300F1AE3F /* XCRemoteSwiftPackageReference "Kingfisher" */,
				5D6ACEE52A32DB0E00AAFC00 /* XCRemoteSwiftPackageReference "firebase-ios-sdk" */,
			);
			productRefGroup = 5DD5E4F42A075C3A003AE566 /* Products */;
			projectDirPath = "";
			projectRoot = "";
			targets = (
				5DD5E4F22A075C3A003AE566 /* swiftUIInstagram */,
			);
		};
/* End PBXProject section */

/* Begin PBXResourcesBuildPhase section */
		5DD5E4F12A075C3A003AE566 /* Resources */ = {
			isa = PBXResourcesBuildPhase;
			buildActionMask = 2147483647;
			files = (
				5DD5E4FE2A075C3C003AE566 /* Preview Assets.xcassets in Resources */,
				5DD5E4FB2A075C3C003AE566 /* Assets.xcassets in Resources */,
				5D5348A22A2578890027CCDE /* GoogleService-Info.plist in Resources */,
			);
			runOnlyForDeploymentPostprocessing = 0;
		};
/* End PBXResourcesBuildPhase section */

/* Begin PBXSourcesBuildPhase section */
		5DD5E4EF2A075C3A003AE566 /* Sources */ = {
			isa = PBXSourcesBuildPhase;
			buildActionMask = 2147483647;
			files = (
				5D483B502A3AF8550036F351 /* FeedViewModel.swift in Sources */,
				5DD5E5262A07AAD1003AE566 /* ProfileView.swift in Sources */,
				5D483B562A3D3B520036F351 /* FeedCellViewModel.swift in Sources */,
				5DB4C6762A08B6E6004BEAA6 /* UserCell.swift in Sources */,
				5DD5E5202A07AA88003AE566 /* SearchView.swift in Sources */,
				5D52A6462A11C95F007B304C /* RegistrationView.swift in Sources */,
				5DFCB6EC2A215DE000F1AE3F /* CustomTextField.swift in Sources */,
				5D6ACEE02A2B03DA00AAFC00 /* ImageUploader.swift in Sources */,
				5DB4C6722A08AE19004BEAA6 /* PostGridView.swift in Sources */,
				5DD5E51E2A07AA46003AE566 /* FeedView.swift in Sources */,
				5DD5E5242A07AAC1003AE566 /* UploadPostView.swift in Sources */,
				5D52A64A2A11C9C2007B304C /* ResetPasswordView.swift in Sources */,
				5DD5E50D2A075DDA003AE566 /* ContentView.swift in Sources */,
				5D719A612A39857200BDE770 /* UploadPostViewModel.swift in Sources */,
				5D52A6422A118218007B304C /* ImagePicker.swift in Sources */,
				5D483B4C2A3AE0540036F351 /* TextArea.swift in Sources */,
				5D89AE8C2A09D4FC00765583 /* ProfileHeaderView.swift in Sources */,
				5D1E49322A383AA7001D2D09 /* UserService.swift in Sources */,
				5DD5E4F72A075C3A003AE566 /* swiftUIInstagramApp.swift in Sources */,
				5D89AE8E2A0A212A00765583 /* UserStatView.swift in Sources */,
				5DD5E51C2A07A9EE003AE566 /* MainTabView.swift in Sources */,
				5DB4C6742A08AFCC004BEAA6 /* Extentions.swift in Sources */,
				5DFCB6EE2A21602F00F1AE3F /* CustomSecureField.swift in Sources */,
				5D483B4E2A3AF63C0036F351 /* Post.swift in Sources */,
				5D6ACEFD2A32DFFE00AAFC00 /* SearchViewModel.swift in Sources */,
				5DB4C6702A089B96004BEAA6 /* SearchBar.swift in Sources */,
				5DD5E5222A07AAA5003AE566 /* NotificationView.swift in Sources */,
				5D6ACEE42A32D72F00AAFC00 /* User.swift in Sources */,
				5D52A6402A108950007B304C /* ProfileActionButtonView.swift in Sources */,
				5D5348A42A25805A0027CCDE /* AuthViewModel.swift in Sources */,
				5D1E49302A38307D001D2D09 /* ProfileViewModel.swift in Sources */,
				5DB4C6782A08B711004BEAA6 /* UserListView.swift in Sources */,
				5D89AE8A2A0957D000765583 /* NotificationCell.swift in Sources */,
				5D52A6442A11C94E007B304C /* LoginView.swift in Sources */,
				5DD5E5282A07C330003AE566 /* FeedCell.swift in Sources */,
				5D6ACEE22A32C86E00AAFC00 /* Constants.swift in Sources */,
			);
			runOnlyForDeploymentPostprocessing = 0;
		};
/* End PBXSourcesBuildPhase section */

/* Begin XCBuildConfiguration section */
		5DD5E4FF2A075C3C003AE566 /* Debug */ = {
			isa = XCBuildConfiguration;
			buildSettings = {
				ALWAYS_SEARCH_USER_PATHS = NO;
				CLANG_ANALYZER_NONNULL = YES;
				CLANG_ANALYZER_NUMBER_OBJECT_CONVERSION = YES_AGGRESSIVE;
				CLANG_CXX_LANGUAGE_STANDARD = "gnu++17";
				CLANG_CXX_LIBRARY = "libc++";
				CLANG_ENABLE_MODULES = YES;
				CLANG_ENABLE_OBJC_ARC = YES;
				CLANG_ENABLE_OBJC_WEAK = YES;
				CLANG_WARN_BLOCK_CAPTURE_AUTORELEASING = YES;
				CLANG_WARN_BOOL_CONVERSION = YES;
				CLANG_WARN_COMMA = YES;
				CLANG_WARN_CONSTANT_CONVERSION = YES;
				CLANG_WARN_DEPRECATED_OBJC_IMPLEMENTATIONS = YES;
				CLANG_WARN_DIRECT_OBJC_ISA_USAGE = YES_ERROR;
				CLANG_WARN_DOCUMENTATION_COMMENTS = YES;
				CLANG_WARN_EMPTY_BODY = YES;
				CLANG_WARN_ENUM_CONVERSION = YES;
				CLANG_WARN_INFINITE_RECURSION = YES;
				CLANG_WARN_INT_CONVERSION = YES;
				CLANG_WARN_NON_LITERAL_NULL_CONVERSION = YES;
				CLANG_WARN_OBJC_IMPLICIT_RETAIN_SELF = YES;
				CLANG_WARN_OBJC_LITERAL_CONVERSION = YES;
				CLANG_WARN_OBJC_ROOT_CLASS = YES_ERROR;
				CLANG_WARN_QUOTED_INCLUDE_IN_FRAMEWORK_HEADER = YES;
				CLANG_WARN_RANGE_LOOP_ANALYSIS = YES;
				CLANG_WARN_STRICT_PROTOTYPES = YES;
				CLANG_WARN_SUSPICIOUS_MOVE = YES;
				CLANG_WARN_UNGUARDED_AVAILABILITY = YES_AGGRESSIVE;
				CLANG_WARN_UNREACHABLE_CODE = YES;
				CLANG_WARN__DUPLICATE_METHOD_MATCH = YES;
				COPY_PHASE_STRIP = NO;
				DEBUG_INFORMATION_FORMAT = dwarf;
				ENABLE_STRICT_OBJC_MSGSEND = YES;
				ENABLE_TESTABILITY = YES;
				GCC_C_LANGUAGE_STANDARD = gnu11;
				GCC_DYNAMIC_NO_PIC = NO;
				GCC_NO_COMMON_BLOCKS = YES;
				GCC_OPTIMIZATION_LEVEL = 0;
				GCC_PREPROCESSOR_DEFINITIONS = (
					"DEBUG=1",
					"$(inherited)",
				);
				GCC_WARN_64_TO_32_BIT_CONVERSION = YES;
				GCC_WARN_ABOUT_RETURN_TYPE = YES_ERROR;
				GCC_WARN_UNDECLARED_SELECTOR = YES;
				GCC_WARN_UNINITIALIZED_AUTOS = YES_AGGRESSIVE;
				GCC_WARN_UNUSED_FUNCTION = YES;
				GCC_WARN_UNUSED_VARIABLE = YES;
				IPHONEOS_DEPLOYMENT_TARGET = 15.2;
				MTL_ENABLE_DEBUG_INFO = INCLUDE_SOURCE;
				MTL_FAST_MATH = YES;
				ONLY_ACTIVE_ARCH = YES;
				SDKROOT = iphoneos;
				SWIFT_ACTIVE_COMPILATION_CONDITIONS = DEBUG;
				SWIFT_OPTIMIZATION_LEVEL = "-Onone";
			};
			name = Debug;
		};
		5DD5E5002A075C3C003AE566 /* Release */ = {
			isa = XCBuildConfiguration;
			buildSettings = {
				ALWAYS_SEARCH_USER_PATHS = NO;
				CLANG_ANALYZER_NONNULL = YES;
				CLANG_ANALYZER_NUMBER_OBJECT_CONVERSION = YES_AGGRESSIVE;
				CLANG_CXX_LANGUAGE_STANDARD = "gnu++17";
				CLANG_CXX_LIBRARY = "libc++";
				CLANG_ENABLE_MODULES = YES;
				CLANG_ENABLE_OBJC_ARC = YES;
				CLANG_ENABLE_OBJC_WEAK = YES;
				CLANG_WARN_BLOCK_CAPTURE_AUTORELEASING = YES;
				CLANG_WARN_BOOL_CONVERSION = YES;
				CLANG_WARN_COMMA = YES;
				CLANG_WARN_CONSTANT_CONVERSION = YES;
				CLANG_WARN_DEPRECATED_OBJC_IMPLEMENTATIONS = YES;
				CLANG_WARN_DIRECT_OBJC_ISA_USAGE = YES_ERROR;
				CLANG_WARN_DOCUMENTATION_COMMENTS = YES;
				CLANG_WARN_EMPTY_BODY = YES;
				CLANG_WARN_ENUM_CONVERSION = YES;
				CLANG_WARN_INFINITE_RECURSION = YES;
				CLANG_WARN_INT_CONVERSION = YES;
				CLANG_WARN_NON_LITERAL_NULL_CONVERSION = YES;
				CLANG_WARN_OBJC_IMPLICIT_RETAIN_SELF = YES;
				CLANG_WARN_OBJC_LITERAL_CONVERSION = YES;
				CLANG_WARN_OBJC_ROOT_CLASS = YES_ERROR;
				CLANG_WARN_QUOTED_INCLUDE_IN_FRAMEWORK_HEADER = YES;
				CLANG_WARN_RANGE_LOOP_ANALYSIS = YES;
				CLANG_WARN_STRICT_PROTOTYPES = YES;
				CLANG_WARN_SUSPICIOUS_MOVE = YES;
				CLANG_WARN_UNGUARDED_AVAILABILITY = YES_AGGRESSIVE;
				CLANG_WARN_UNREACHABLE_CODE = YES;
				CLANG_WARN__DUPLICATE_METHOD_MATCH = YES;
				COPY_PHASE_STRIP = NO;
				DEBUG_INFORMATION_FORMAT = "dwarf-with-dsym";
				ENABLE_NS_ASSERTIONS = NO;
				ENABLE_STRICT_OBJC_MSGSEND = YES;
				GCC_C_LANGUAGE_STANDARD = gnu11;
				GCC_NO_COMMON_BLOCKS = YES;
				GCC_WARN_64_TO_32_BIT_CONVERSION = YES;
				GCC_WARN_ABOUT_RETURN_TYPE = YES_ERROR;
				GCC_WARN_UNDECLARED_SELECTOR = YES;
				GCC_WARN_UNINITIALIZED_AUTOS = YES_AGGRESSIVE;
				GCC_WARN_UNUSED_FUNCTION = YES;
				GCC_WARN_UNUSED_VARIABLE = YES;
				IPHONEOS_DEPLOYMENT_TARGET = 15.2;
				MTL_ENABLE_DEBUG_INFO = NO;
				MTL_FAST_MATH = YES;
				SDKROOT = iphoneos;
				SWIFT_COMPILATION_MODE = wholemodule;
				SWIFT_OPTIMIZATION_LEVEL = "-O";
				VALIDATE_PRODUCT = YES;
			};
			name = Release;
		};
		5DD5E5022A075C3C003AE566 /* Debug */ = {
			isa = XCBuildConfiguration;
			buildSettings = {
				ASSETCATALOG_COMPILER_APPICON_NAME = AppIcon;
				ASSETCATALOG_COMPILER_GLOBAL_ACCENT_COLOR_NAME = AccentColor;
				CODE_SIGN_STYLE = Automatic;
				CURRENT_PROJECT_VERSION = 1;
				DEVELOPMENT_ASSET_PATHS = "\"swiftUIInstagram/Preview Content\"";
				DEVELOPMENT_TEAM = 8V57DJJGL2;
				ENABLE_PREVIEWS = YES;
				GENERATE_INFOPLIST_FILE = YES;
				INFOPLIST_KEY_UIApplicationSceneManifest_Generation = YES;
				INFOPLIST_KEY_UIApplicationSupportsIndirectInputEvents = YES;
				INFOPLIST_KEY_UILaunchScreen_Generation = YES;
				INFOPLIST_KEY_UISupportedInterfaceOrientations_iPad = "UIInterfaceOrientationPortrait UIInterfaceOrientationPortraitUpsideDown UIInterfaceOrientationLandscapeLeft UIInterfaceOrientationLandscapeRight";
				INFOPLIST_KEY_UISupportedInterfaceOrientations_iPhone = "UIInterfaceOrientationPortrait UIInterfaceOrientationLandscapeLeft UIInterfaceOrientationLandscapeRight";
				LD_RUNPATH_SEARCH_PATHS = (
					"$(inherited)",
					"@executable_path/Frameworks",
				);
				MARKETING_VERSION = 1.0;
				PRODUCT_BUNDLE_IDENTIFIER = chimao.swiftUIInstagram;
				PRODUCT_NAME = "$(TARGET_NAME)";
				SWIFT_EMIT_LOC_STRINGS = YES;
				SWIFT_VERSION = 5.0;
				TARGETED_DEVICE_FAMILY = "1,2";
			};
			name = Debug;
		};
		5DD5E5032A075C3C003AE566 /* Release */ = {
			isa = XCBuildConfiguration;
			buildSettings = {
				ASSETCATALOG_COMPILER_APPICON_NAME = AppIcon;
				ASSETCATALOG_COMPILER_GLOBAL_ACCENT_COLOR_NAME = AccentColor;
				CODE_SIGN_STYLE = Automatic;
				CURRENT_PROJECT_VERSION = 1;
				DEVELOPMENT_ASSET_PATHS = "\"swiftUIInstagram/Preview Content\"";
				DEVELOPMENT_TEAM = 8V57DJJGL2;
				ENABLE_PREVIEWS = YES;
				GENERATE_INFOPLIST_FILE = YES;
				INFOPLIST_KEY_UIApplicationSceneManifest_Generation = YES;
				INFOPLIST_KEY_UIApplicationSupportsIndirectInputEvents = YES;
				INFOPLIST_KEY_UILaunchScreen_Generation = YES;
				INFOPLIST_KEY_UISupportedInterfaceOrientations_iPad = "UIInterfaceOrientationPortrait UIInterfaceOrientationPortraitUpsideDown UIInterfaceOrientationLandscapeLeft UIInterfaceOrientationLandscapeRight";
				INFOPLIST_KEY_UISupportedInterfaceOrientations_iPhone = "UIInterfaceOrientationPortrait UIInterfaceOrientationLandscapeLeft UIInterfaceOrientationLandscapeRight";
				LD_RUNPATH_SEARCH_PATHS = (
					"$(inherited)",
					"@executable_path/Frameworks",
				);
				MARKETING_VERSION = 1.0;
				PRODUCT_BUNDLE_IDENTIFIER = chimao.swiftUIInstagram;
				PRODUCT_NAME = "$(TARGET_NAME)";
				SWIFT_EMIT_LOC_STRINGS = YES;
				SWIFT_VERSION = 5.0;
				TARGETED_DEVICE_FAMILY = "1,2";
			};
			name = Release;
		};
/* End XCBuildConfiguration section */

/* Begin XCConfigurationList section */
		5DD5E4EE2A075C3A003AE566 /* Build configuration list for PBXProject "swiftUIInstagram" */ = {
			isa = XCConfigurationList;
			buildConfigurations = (
				5DD5E4FF2A075C3C003AE566 /* Debug */,
				5DD5E5002A075C3C003AE566 /* Release */,
			);
			defaultConfigurationIsVisible = 0;
			defaultConfigurationName = Release;
		};
		5DD5E5012A075C3C003AE566 /* Build configuration list for PBXNativeTarget "swiftUIInstagram" */ = {
			isa = XCConfigurationList;
			buildConfigurations = (
				5DD5E5022A075C3C003AE566 /* Debug */,
				5DD5E5032A075C3C003AE566 /* Release */,
			);
			defaultConfigurationIsVisible = 0;
			defaultConfigurationName = Release;
		};
/* End XCConfigurationList section */

/* Begin XCRemoteSwiftPackageReference section */
		5D6ACEE52A32DB0E00AAFC00 /* XCRemoteSwiftPackageReference "firebase-ios-sdk" */ = {
			isa = XCRemoteSwiftPackageReference;
			repositoryURL = "https://github.com/firebase/firebase-ios-sdk.git";
			requirement = {
				kind = upToNextMajorVersion;
				minimumVersion = 10.0.0;
			};
		};
		5DFCB7042A25492300F1AE3F /* XCRemoteSwiftPackageReference "Kingfisher" */ = {
			isa = XCRemoteSwiftPackageReference;
			repositoryURL = "https://github.com/onevcat/Kingfisher";
			requirement = {
				kind = upToNextMajorVersion;
				minimumVersion = 7.0.0;
			};
		};
/* End XCRemoteSwiftPackageReference section */

/* Begin XCSwiftPackageProductDependency section */
		5D6ACEE62A32DB0E00AAFC00 /* FirebaseAnalytics */ = {
			isa = XCSwiftPackageProductDependency;
			package = 5D6ACEE52A32DB0E00AAFC00 /* XCRemoteSwiftPackageReference "firebase-ios-sdk" */;
			productName = FirebaseAnalytics;
		};
		5D6ACEE82A32DB0E00AAFC00 /* FirebaseAuth */ = {
			isa = XCSwiftPackageProductDependency;
			package = 5D6ACEE52A32DB0E00AAFC00 /* XCRemoteSwiftPackageReference "firebase-ios-sdk" */;
			productName = FirebaseAuth;
		};
		5D6ACEEA2A32DB0E00AAFC00 /* FirebaseFirestore */ = {
			isa = XCSwiftPackageProductDependency;
			package = 5D6ACEE52A32DB0E00AAFC00 /* XCRemoteSwiftPackageReference "firebase-ios-sdk" */;
			productName = FirebaseFirestore;
		};
		5D6ACEEC2A32DB0E00AAFC00 /* FirebaseFirestoreCombine-Community */ = {
			isa = XCSwiftPackageProductDependency;
			package = 5D6ACEE52A32DB0E00AAFC00 /* XCRemoteSwiftPackageReference "firebase-ios-sdk" */;
			productName = "FirebaseFirestoreCombine-Community";
		};
		5D6ACEEE2A32DB0E00AAFC00 /* FirebaseFirestoreSwift */ = {
			isa = XCSwiftPackageProductDependency;
			package = 5D6ACEE52A32DB0E00AAFC00 /* XCRemoteSwiftPackageReference "firebase-ios-sdk" */;
			productName = FirebaseFirestoreSwift;
		};
		5D6ACEF02A32DB0E00AAFC00 /* FirebaseFunctions */ = {
			isa = XCSwiftPackageProductDependency;
			package = 5D6ACEE52A32DB0E00AAFC00 /* XCRemoteSwiftPackageReference "firebase-ios-sdk" */;
			productName = FirebaseFunctions;
		};
		5D6ACEF22A32DB0E00AAFC00 /* FirebaseFunctionsCombine-Community */ = {
			isa = XCSwiftPackageProductDependency;
			package = 5D6ACEE52A32DB0E00AAFC00 /* XCRemoteSwiftPackageReference "firebase-ios-sdk" */;
			productName = "FirebaseFunctionsCombine-Community";
		};
		5D6ACEF42A32DB0E00AAFC00 /* FirebaseInAppMessaging-Beta */ = {
			isa = XCSwiftPackageProductDependency;
			package = 5D6ACEE52A32DB0E00AAFC00 /* XCRemoteSwiftPackageReference "firebase-ios-sdk" */;
			productName = "FirebaseInAppMessaging-Beta";
		};
		5D6ACEF62A32DB0E00AAFC00 /* FirebaseInAppMessagingSwift-Beta */ = {
			isa = XCSwiftPackageProductDependency;
			package = 5D6ACEE52A32DB0E00AAFC00 /* XCRemoteSwiftPackageReference "firebase-ios-sdk" */;
			productName = "FirebaseInAppMessagingSwift-Beta";
		};
		5D6ACEF82A32DB0E00AAFC00 /* FirebaseMessaging */ = {
			isa = XCSwiftPackageProductDependency;
			package = 5D6ACEE52A32DB0E00AAFC00 /* XCRemoteSwiftPackageReference "firebase-ios-sdk" */;
			productName = FirebaseMessaging;
		};
		5D6ACEFA2A32DB0E00AAFC00 /* FirebaseStorage */ = {
			isa = XCSwiftPackageProductDependency;
			package = 5D6ACEE52A32DB0E00AAFC00 /* XCRemoteSwiftPackageReference "firebase-ios-sdk" */;
			productName = FirebaseStorage;
		};
		5DFCB7052A25492300F1AE3F /* Kingfisher */ = {
			isa = XCSwiftPackageProductDependency;
			package = 5DFCB7042A25492300F1AE3F /* XCRemoteSwiftPackageReference "Kingfisher" */;
			productName = Kingfisher;
		};
/* End XCSwiftPackageProductDependency section */
	};
	rootObject = 5DD5E4EB2A075C3A003AE566 /* Project object */;
}
