// !$*UTF8*$!
{
	archiveVersion = 1;
	classes = {
	};
	objectVersion = 55;
	objects = {

/* Begin PBXBuildFile section */
		5D52A6402A108950007B304C /* ProfileActionButtonView.swift in Sources */ = {isa = PBXBuildFile; fileRef = 5D52A63F2A108950007B304C /* ProfileActionButtonView.swift */; };
		5D52A6422A118218007B304C /* ImagePicker.swift in Sources */ = {isa = PBXBuildFile; fileRef = 5D52A6412A118218007B304C /* ImagePicker.swift */; };
		5D52A6442A11C94E007B304C /* LoginView.swift in Sources */ = {isa = PBXBuildFile; fileRef = 5D52A6432A11C94E007B304C /* LoginView.swift */; };
		5D52A6462A11C95F007B304C /* RegistrationView.swift in Sources */ = {isa = PBXBuildFile; fileRef = 5D52A6452A11C95F007B304C /* RegistrationView.swift */; };
		5D52A64A2A11C9C2007B304C /* ResetPasswordView.swift in Sources */ = {isa = PBXBuildFile; fileRef = 5D52A6492A11C9C2007B304C /* ResetPasswordView.swift */; };
		5D89AE8A2A0957D000765583 /* NotificationCell.swift in Sources */ = {isa = PBXBuildFile; fileRef = 5D89AE892A0957D000765583 /* NotificationCell.swift */; };
		5D89AE8C2A09D4FC00765583 /* ProfileHeaderView.swift in Sources */ = {isa = PBXBuildFile; fileRef = 5D89AE8B2A09D4FC00765583 /* ProfileHeaderView.swift */; };
		5D89AE8E2A0A212A00765583 /* UserStatView.swift in Sources */ = {isa = PBXBuildFile; fileRef = 5D89AE8D2A0A212A00765583 /* UserStatView.swift */; };
		5DB4C6702A089B96004BEAA6 /* SearchBar.swift in Sources */ = {isa = PBXBuildFile; fileRef = 5DB4C66F2A089B96004BEAA6 /* SearchBar.swift */; };
		5DB4C6722A08AE19004BEAA6 /* PostGridView.swift in Sources */ = {isa = PBXBuildFile; fileRef = 5DB4C6712A08AE19004BEAA6 /* PostGridView.swift */; };
		5DB4C6742A08AFCC004BEAA6 /* Extentions.swift in Sources */ = {isa = PBXBuildFile; fileRef = 5DB4C6732A08AFCC004BEAA6 /* Extentions.swift */; };
		5DB4C6762A08B6E6004BEAA6 /* UserCell.swift in Sources */ = {isa = PBXBuildFile; fileRef = 5DB4C6752A08B6E6004BEAA6 /* UserCell.swift */; };
		5DB4C6782A08B711004BEAA6 /* UserListView.swift in Sources */ = {isa = PBXBuildFile; fileRef = 5DB4C6772A08B711004BEAA6 /* UserListView.swift */; };
		5DD5E4F72A075C3A003AE566 /* swiftUIInstagramApp.swift in Sources */ = {isa = PBXBuildFile; fileRef = 5DD5E4F62A075C3A003AE566 /* swiftUIInstagramApp.swift */; };
		5DD5E4FB2A075C3C003AE566 /* Assets.xcassets in Resources */ = {isa = PBXBuildFile; fileRef = 5DD5E4FA2A075C3C003AE566 /* Assets.xcassets */; };
		5DD5E4FE2A075C3C003AE566 /* Preview Assets.xcassets in Resources */ = {isa = PBXBuildFile; fileRef = 5DD5E4FD2A075C3C003AE566 /* Preview Assets.xcassets */; };
		5DD5E50D2A075DDA003AE566 /* ContentView.swift in Sources */ = {isa = PBXBuildFile; fileRef = 5DD5E50C2A075DDA003AE566 /* ContentView.swift */; };
		5DD5E51C2A07A9EE003AE566 /* MainTabView.swift in Sources */ = {isa = PBXBuildFile; fileRef = 5DD5E51B2A07A9EE003AE566 /* MainTabView.swift */; };
		5DD5E51E2A07AA46003AE566 /* FeedView.swift in Sources */ = {isa = PBXBuildFile; fileRef = 5DD5E51D2A07AA46003AE566 /* FeedView.swift */; };
		5DD5E5202A07AA88003AE566 /* SearchView.swift in Sources */ = {isa = PBXBuildFile; fileRef = 5DD5E51F2A07AA88003AE566 /* SearchView.swift */; };
		5DD5E5222A07AAA5003AE566 /* NotificationView.swift in Sources */ = {isa = PBXBuildFile; fileRef = 5DD5E5212A07AAA5003AE566 /* NotificationView.swift */; };
		5DD5E5242A07AAC1003AE566 /* UploadPostView.swift in Sources */ = {isa = PBXBuildFile; fileRef = 5DD5E5232A07AAC1003AE566 /* UploadPostView.swift */; };
		5DD5E5262A07AAD1003AE566 /* ProfileView.swift in Sources */ = {isa = PBXBuildFile; fileRef = 5DD5E5252A07AAD1003AE566 /* ProfileView.swift */; };
		5DD5E5282A07C330003AE566 /* FeedCell.swift in Sources */ = {isa = PBXBuildFile; fileRef = 5DD5E5272A07C330003AE566 /* FeedCell.swift */; };
/* End PBXBuildFile section */

/* Begin PBXFileReference section */
		5D52A63F2A108950007B304C /* ProfileActionButtonView.swift */ = {isa = PBXFileReference; lastKnownFileType = sourcecode.swift; path = ProfileActionButtonView.swift; sourceTree = "<group>"; };
		5D52A6412A118218007B304C /* ImagePicker.swift */ = {isa = PBXFileReference; lastKnownFileType = sourcecode.swift; path = ImagePicker.swift; sourceTree = "<group>"; };
		5D52A6432A11C94E007B304C /* LoginView.swift */ = {isa = PBXFileReference; lastKnownFileType = sourcecode.swift; path = LoginView.swift; sourceTree = "<group>"; };
		5D52A6452A11C95F007B304C /* RegistrationView.swift */ = {isa = PBXFileReference; lastKnownFileType = sourcecode.swift; path = RegistrationView.swift; sourceTree = "<group>"; };
		5D52A6492A11C9C2007B304C /* ResetPasswordView.swift */ = {isa = PBXFileReference; lastKnownFileType = sourcecode.swift; path = ResetPasswordView.swift; sourceTree = "<group>"; };
		5D89AE892A0957D000765583 /* NotificationCell.swift */ = {isa = PBXFileReference; lastKnownFileType = sourcecode.swift; path = NotificationCell.swift; sourceTree = "<group>"; };
		5D89AE8B2A09D4FC00765583 /* ProfileHeaderView.swift */ = {isa = PBXFileReference; lastKnownFileType = sourcecode.swift; path = ProfileHeaderView.swift; sourceTree = "<group>"; };
		5D89AE8D2A0A212A00765583 /* UserStatView.swift */ = {isa = PBXFileReference; lastKnownFileType = sourcecode.swift; path = UserStatView.swift; sourceTree = "<group>"; };
		5DB4C66F2A089B96004BEAA6 /* SearchBar.swift */ = {isa = PBXFileReference; lastKnownFileType = sourcecode.swift; path = SearchBar.swift; sourceTree = "<group>"; };
		5DB4C6712A08AE19004BEAA6 /* PostGridView.swift */ = {isa = PBXFileReference; lastKnownFileType = sourcecode.swift; path = PostGridView.swift; sourceTree = "<group>"; };
		5DB4C6732A08AFCC004BEAA6 /* Extentions.swift */ = {isa = PBXFileReference; lastKnownFileType = sourcecode.swift; path = Extentions.swift; sourceTree = "<group>"; };
		5DB4C6752A08B6E6004BEAA6 /* UserCell.swift */ = {isa = PBXFileReference; lastKnownFileType = sourcecode.swift; path = UserCell.swift; sourceTree = "<group>"; };
		5DB4C6772A08B711004BEAA6 /* UserListView.swift */ = {isa = PBXFileReference; lastKnownFileType = sourcecode.swift; path = UserListView.swift; sourceTree = "<group>"; };
		5DD5E4F32A075C3A003AE566 /* swiftUIInstagram.app */ = {isa = PBXFileReference; explicitFileType = wrapper.application; includeInIndex = 0; path = swiftUIInstagram.app; sourceTree = BUILT_PRODUCTS_DIR; };
		5DD5E4F62A075C3A003AE566 /* swiftUIInstagramApp.swift */ = {isa = PBXFileReference; lastKnownFileType = sourcecode.swift; path = swiftUIInstagramApp.swift; sourceTree = "<group>"; };
		5DD5E4FA2A075C3C003AE566 /* Assets.xcassets */ = {isa = PBXFileReference; lastKnownFileType = folder.assetcatalog; path = Assets.xcassets; sourceTree = "<group>"; };
		5DD5E4FD2A075C3C003AE566 /* Preview Assets.xcassets */ = {isa = PBXFileReference; lastKnownFileType = folder.assetcatalog; path = "Preview Assets.xcassets"; sourceTree = "<group>"; };
		5DD5E50C2A075DDA003AE566 /* ContentView.swift */ = {isa = PBXFileReference; lastKnownFileType = sourcecode.swift; path = ContentView.swift; sourceTree = "<group>"; };
		5DD5E51B2A07A9EE003AE566 /* MainTabView.swift */ = {isa = PBXFileReference; lastKnownFileType = sourcecode.swift; path = MainTabView.swift; sourceTree = "<group>"; };
		5DD5E51D2A07AA46003AE566 /* FeedView.swift */ = {isa = PBXFileReference; lastKnownFileType = sourcecode.swift; path = FeedView.swift; sourceTree = "<group>"; };
		5DD5E51F2A07AA88003AE566 /* SearchView.swift */ = {isa = PBXFileReference; lastKnownFileType = sourcecode.swift; path = SearchView.swift; sourceTree = "<group>"; };
		5DD5E5212A07AAA5003AE566 /* NotificationView.swift */ = {isa = PBXFileReference; lastKnownFileType = sourcecode.swift; path = NotificationView.swift; sourceTree = "<group>"; };
		5DD5E5232A07AAC1003AE566 /* UploadPostView.swift */ = {isa = PBXFileReference; lastKnownFileType = sourcecode.swift; path = UploadPostView.swift; sourceTree = "<group>"; };
		5DD5E5252A07AAD1003AE566 /* ProfileView.swift */ = {isa = PBXFileReference; lastKnownFileType = sourcecode.swift; path = ProfileView.swift; sourceTree = "<group>"; };
		5DD5E5272A07C330003AE566 /* FeedCell.swift */ = {isa = PBXFileReference; lastKnownFileType = sourcecode.swift; path = FeedCell.swift; sourceTree = "<group>"; };
/* End PBXFileReference section */

/* Begin PBXFrameworksBuildPhase section */
		5DD5E4F02A075C3A003AE566 /* Frameworks */ = {
			isa = PBXFrameworksBuildPhase;
			buildActionMask = 2147483647;
			files = (
			);
			runOnlyForDeploymentPostprocessing = 0;
		};
/* End PBXFrameworksBuildPhase section */

/* Begin PBXGroup section */
		5DD5E4EA2A075C3A003AE566 = {
			isa = PBXGroup;
			children = (
				5DD5E4F52A075C3A003AE566 /* swiftUIInstagram */,
				5DD5E4F42A075C3A003AE566 /* Products */,
			);
			sourceTree = "<group>";
		};
		5DD5E4F42A075C3A003AE566 /* Products */ = {
			isa = PBXGroup;
			children = (
				5DD5E4F32A075C3A003AE566 /* swiftUIInstagram.app */,
			);
			name = Products;
			sourceTree = "<group>";
		};
		5DD5E4F52A075C3A003AE566 /* swiftUIInstagram */ = {
			isa = PBXGroup;
			children = (
				5DD5E50A2A075D14003AE566 /* Utils */,
				5DD5E5092A075CFC003AE566 /* API */,
				5DD5E5082A075CEB003AE566 /* ViewModel */,
				5DD5E5062A075CD5003AE566 /* View */,
				5DD5E5042A075C92003AE566 /* Model */,
				5DD5E4F62A075C3A003AE566 /* swiftUIInstagramApp.swift */,
				5DD5E4FA2A075C3C003AE566 /* Assets.xcassets */,
				5DD5E4FC2A075C3C003AE566 /* Preview Content */,
			);
			path = swiftUIInstagram;
			sourceTree = "<group>";
		};
		5DD5E4FC2A075C3C003AE566 /* Preview Content */ = {
			isa = PBXGroup;
			children = (
				5DD5E4FD2A075C3C003AE566 /* Preview Assets.xcassets */,
			);
			path = "Preview Content";
			sourceTree = "<group>";
		};
		5DD5E5042A075C92003AE566 /* Model */ = {
			isa = PBXGroup;
			children = (
			);
			path = Model;
			sourceTree = "<group>";
		};
		5DD5E5062A075CD5003AE566 /* View */ = {
			isa = PBXGroup;
			children = (
				5DD5E5162A075E96003AE566 /* SharedComponents */,
				5DD5E5152A075E8C003AE566 /* Profile */,
				5DD5E5142A075E7C003AE566 /* UploadPost */,
				5DD5E5132A075E74003AE566 /* Feed */,
				5DD5E5122A075E6A003AE566 /* Comments */,
				5DD5E5112A075E59003AE566 /* Authentication */,
				5DD5E5102A075E41003AE566 /* Notifications */,
				5DD5E50F2A075E34003AE566 /* Search */,
				5DD5E50B2A075D84003AE566 /* Main */,
			);
			path = View;
			sourceTree = "<group>";
		};
		5DD5E5082A075CEB003AE566 /* ViewModel */ = {
			isa = PBXGroup;
			children = (
				5DD5E51A2A075F01003AE566 /* Profile */,
				5DD5E5192A075EF6003AE566 /* Authentication */,
				5DD5E5182A075EE8003AE566 /* Notifications */,
				5DD5E5172A075EE1003AE566 /* Feed */,
			);
			path = ViewModel;
			sourceTree = "<group>";
		};
		5DD5E5092A075CFC003AE566 /* API */ = {
			isa = PBXGroup;
			children = (
			);
			path = API;
			sourceTree = "<group>";
		};
		5DD5E50A2A075D14003AE566 /* Utils */ = {
			isa = PBXGroup;
			children = (
				5DB4C6732A08AFCC004BEAA6 /* Extentions.swift */,
				5D52A6412A118218007B304C /* ImagePicker.swift */,
			);
			path = Utils;
			sourceTree = "<group>";
		};
		5DD5E50B2A075D84003AE566 /* Main */ = {
			isa = PBXGroup;
			children = (
				5DD5E50C2A075DDA003AE566 /* ContentView.swift */,
				5DD5E51B2A07A9EE003AE566 /* MainTabView.swift */,
			);
			path = Main;
			sourceTree = "<group>";
		};
		5DD5E50F2A075E34003AE566 /* Search */ = {
			isa = PBXGroup;
			children = (
				5DD5E51F2A07AA88003AE566 /* SearchView.swift */,
				5DB4C66F2A089B96004BEAA6 /* SearchBar.swift */,
			);
			path = Search;
			sourceTree = "<group>";
		};
		5DD5E5102A075E41003AE566 /* Notifications */ = {
			isa = PBXGroup;
			children = (
				5DD5E5212A07AAA5003AE566 /* NotificationView.swift */,
				5D89AE892A0957D000765583 /* NotificationCell.swift */,
			);
			path = Notifications;
			sourceTree = "<group>";
		};
		5DD5E5112A075E59003AE566 /* Authentication */ = {
			isa = PBXGroup;
			children = (
			);
			path = Authentication;
			sourceTree = "<group>";
		};
		5DD5E5122A075E6A003AE566 /* Comments */ = {
			isa = PBXGroup;
			children = (
			);
			path = Comments;
			sourceTree = "<group>";
		};
		5DD5E5132A075E74003AE566 /* Feed */ = {
			isa = PBXGroup;
			children = (
				5DD5E51D2A07AA46003AE566 /* FeedView.swift */,
				5DD5E5272A07C330003AE566 /* FeedCell.swift */,
			);
			path = Feed;
			sourceTree = "<group>";
		};
		5DD5E5142A075E7C003AE566 /* UploadPost */ = {
			isa = PBXGroup;
			children = (
				5DD5E5232A07AAC1003AE566 /* UploadPostView.swift */,
			);
			path = UploadPost;
			sourceTree = "<group>";
		};
		5DD5E5152A075E8C003AE566 /* Profile */ = {
			isa = PBXGroup;
			children = (
				5DD5E5252A07AAD1003AE566 /* ProfileView.swift */,
				5D89AE8B2A09D4FC00765583 /* ProfileHeaderView.swift */,
				5D89AE8D2A0A212A00765583 /* UserStatView.swift */,
				5D52A63F2A108950007B304C /* ProfileActionButtonView.swift */,
			);
			path = Profile;
			sourceTree = "<group>";
		};
		5DD5E5162A075E96003AE566 /* SharedComponents */ = {
			isa = PBXGroup;
			children = (
				5DB4C6712A08AE19004BEAA6 /* PostGridView.swift */,
				5DB4C6752A08B6E6004BEAA6 /* UserCell.swift */,
				5DB4C6772A08B711004BEAA6 /* UserListView.swift */,
			);
			path = SharedComponents;
			sourceTree = "<group>";
		};
		5DD5E5172A075EE1003AE566 /* Feed */ = {
			isa = PBXGroup;
			children = (
			);
			path = Feed;
			sourceTree = "<group>";
		};
		5DD5E5182A075EE8003AE566 /* Notifications */ = {
			isa = PBXGroup;
			children = (
			);
			path = Notifications;
			sourceTree = "<group>";
		};
		5DD5E5192A075EF6003AE566 /* Authentication */ = {
			isa = PBXGroup;
			children = (
				5D52A6432A11C94E007B304C /* LoginView.swift */,
				5D52A6452A11C95F007B304C /* RegistrationView.swift */,
				5D52A6492A11C9C2007B304C /* ResetPasswordView.swift */,
			);
			path = Authentication;
			sourceTree = "<group>";
		};
		5DD5E51A2A075F01003AE566 /* Profile */ = {
			isa = PBXGroup;
			children = (
			);
			path = Profile;
			sourceTree = "<group>";
		};
/* End PBXGroup section */

/* Begin PBXNativeTarget section */
		5DD5E4F22A075C3A003AE566 /* swiftUIInstagram */ = {
			isa = PBXNativeTarget;
			buildConfigurationList = 5DD5E5012A075C3C003AE566 /* Build configuration list for PBXNativeTarget "swiftUIInstagram" */;
			buildPhases = (
				5DD5E4EF2A075C3A003AE566 /* Sources */,
				5DD5E4F02A075C3A003AE566 /* Frameworks */,
				5DD5E4F12A075C3A003AE566 /* Resources */,
			);
			buildRules = (
			);
			dependencies = (
			);
			name = swiftUIInstagram;
			productName = swiftUIInstagram;
			productReference = 5DD5E4F32A075C3A003AE566 /* swiftUIInstagram.app */;
			productType = "com.apple.product-type.application";
		};
/* End PBXNativeTarget section */

/* Begin PBXProject section */
		5DD5E4EB2A075C3A003AE566 /* Project object */ = {
			isa = PBXProject;
			attributes = {
				BuildIndependentTargetsInParallel = 1;
				LastSwiftUpdateCheck = 1320;
				LastUpgradeCheck = 1320;
				TargetAttributes = {
					5DD5E4F22A075C3A003AE566 = {
						CreatedOnToolsVersion = 13.2;
					};
				};
			};
			buildConfigurationList = 5DD5E4EE2A075C3A003AE566 /* Build configuration list for PBXProject "swiftUIInstagram" */;
			compatibilityVersion = "Xcode 13.0";
			developmentRegion = en;
			hasScannedForEncodings = 0;
			knownRegions = (
				en,
				Base,
			);
			mainGroup = 5DD5E4EA2A075C3A003AE566;
			productRefGroup = 5DD5E4F42A075C3A003AE566 /* Products */;
			projectDirPath = "";
			projectRoot = "";
			targets = (
				5DD5E4F22A075C3A003AE566 /* swiftUIInstagram */,
			);
		};
/* End PBXProject section */

/* Begin PBXResourcesBuildPhase section */
		5DD5E4F12A075C3A003AE566 /* Resources */ = {
			isa = PBXResourcesBuildPhase;
			buildActionMask = 2147483647;
			files = (
				5DD5E4FE2A075C3C003AE566 /* Preview Assets.xcassets in Resources */,
				5DD5E4FB2A075C3C003AE566 /* Assets.xcassets in Resources */,
			);
			runOnlyForDeploymentPostprocessing = 0;
		};
/* End PBXResourcesBuildPhase section */

/* Begin PBXSourcesBuildPhase section */
		5DD5E4EF2A075C3A003AE566 /* Sources */ = {
			isa = PBXSourcesBuildPhase;
			buildActionMask = 2147483647;
			files = (
				5DD5E5262A07AAD1003AE566 /* ProfileView.swift in Sources */,
				5DB4C6762A08B6E6004BEAA6 /* UserCell.swift in Sources */,
				5DD5E5202A07AA88003AE566 /* SearchView.swift in Sources */,
				5D52A6462A11C95F007B304C /* RegistrationView.swift in Sources */,
				5DB4C6722A08AE19004BEAA6 /* PostGridView.swift in Sources */,
				5DD5E51E2A07AA46003AE566 /* FeedView.swift in Sources */,
				5DD5E5242A07AAC1003AE566 /* UploadPostView.swift in Sources */,
				5D52A64A2A11C9C2007B304C /* ResetPasswordView.swift in Sources */,
				5DD5E50D2A075DDA003AE566 /* ContentView.swift in Sources */,
				5D52A6422A118218007B304C /* ImagePicker.swift in Sources */,
				5D89AE8C2A09D4FC00765583 /* ProfileHeaderView.swift in Sources */,
				5DD5E4F72A075C3A003AE566 /* swiftUIInstagramApp.swift in Sources */,
				5D89AE8E2A0A212A00765583 /* UserStatView.swift in Sources */,
				5DD5E51C2A07A9EE003AE566 /* MainTabView.swift in Sources */,
				5DB4C6742A08AFCC004BEAA6 /* Extentions.swift in Sources */,
				5DB4C6702A089B96004BEAA6 /* SearchBar.swift in Sources */,
				5DD5E5222A07AAA5003AE566 /* NotificationView.swift in Sources */,
				5D52A6402A108950007B304C /* ProfileActionButtonView.swift in Sources */,
				5DB4C6782A08B711004BEAA6 /* UserListView.swift in Sources */,
				5D89AE8A2A0957D000765583 /* NotificationCell.swift in Sources */,
				5D52A6442A11C94E007B304C /* LoginView.swift in Sources */,
				5DD5E5282A07C330003AE566 /* FeedCell.swift in Sources */,
			);
			runOnlyForDeploymentPostprocessing = 0;
		};
/* End PBXSourcesBuildPhase section */

/* Begin XCBuildConfiguration section */
		5DD5E4FF2A075C3C003AE566 /* Debug */ = {
			isa = XCBuildConfiguration;
			buildSettings = {
				ALWAYS_SEARCH_USER_PATHS = NO;
				CLANG_ANALYZER_NONNULL = YES;
				CLANG_ANALYZER_NUMBER_OBJECT_CONVERSION = YES_AGGRESSIVE;
				CLANG_CXX_LANGUAGE_STANDARD = "gnu++17";
				CLANG_CXX_LIBRARY = "libc++";
				CLANG_ENABLE_MODULES = YES;
				CLANG_ENABLE_OBJC_ARC = YES;
				CLANG_ENABLE_OBJC_WEAK = YES;
				CLANG_WARN_BLOCK_CAPTURE_AUTORELEASING = YES;
				CLANG_WARN_BOOL_CONVERSION = YES;
				CLANG_WARN_COMMA = YES;
				CLANG_WARN_CONSTANT_CONVERSION = YES;
				CLANG_WARN_DEPRECATED_OBJC_IMPLEMENTATIONS = YES;
				CLANG_WARN_DIRECT_OBJC_ISA_USAGE = YES_ERROR;
				CLANG_WARN_DOCUMENTATION_COMMENTS = YES;
				CLANG_WARN_EMPTY_BODY = YES;
				CLANG_WARN_ENUM_CONVERSION = YES;
				CLANG_WARN_INFINITE_RECURSION = YES;
				CLANG_WARN_INT_CONVERSION = YES;
				CLANG_WARN_NON_LITERAL_NULL_CONVERSION = YES;
				CLANG_WARN_OBJC_IMPLICIT_RETAIN_SELF = YES;
				CLANG_WARN_OBJC_LITERAL_CONVERSION = YES;
				CLANG_WARN_OBJC_ROOT_CLASS = YES_ERROR;
				CLANG_WARN_QUOTED_INCLUDE_IN_FRAMEWORK_HEADER = YES;
				CLANG_WARN_RANGE_LOOP_ANALYSIS = YES;
				CLANG_WARN_STRICT_PROTOTYPES = YES;
				CLANG_WARN_SUSPICIOUS_MOVE = YES;
				CLANG_WARN_UNGUARDED_AVAILABILITY = YES_AGGRESSIVE;
				CLANG_WARN_UNREACHABLE_CODE = YES;
				CLANG_WARN__DUPLICATE_METHOD_MATCH = YES;
				COPY_PHASE_STRIP = NO;
				DEBUG_INFORMATION_FORMAT = dwarf;
				ENABLE_STRICT_OBJC_MSGSEND = YES;
				ENABLE_TESTABILITY = YES;
				GCC_C_LANGUAGE_STANDARD = gnu11;
				GCC_DYNAMIC_NO_PIC = NO;
				GCC_NO_COMMON_BLOCKS = YES;
				GCC_OPTIMIZATION_LEVEL = 0;
				GCC_PREPROCESSOR_DEFINITIONS = (
					"DEBUG=1",
					"$(inherited)",
				);
				GCC_WARN_64_TO_32_BIT_CONVERSION = YES;
				GCC_WARN_ABOUT_RETURN_TYPE = YES_ERROR;
				GCC_WARN_UNDECLARED_SELECTOR = YES;
				GCC_WARN_UNINITIALIZED_AUTOS = YES_AGGRESSIVE;
				GCC_WARN_UNUSED_FUNCTION = YES;
				GCC_WARN_UNUSED_VARIABLE = YES;
				IPHONEOS_DEPLOYMENT_TARGET = 15.2;
				MTL_ENABLE_DEBUG_INFO = INCLUDE_SOURCE;
				MTL_FAST_MATH = YES;
				ONLY_ACTIVE_ARCH = YES;
				SDKROOT = iphoneos;
				SWIFT_ACTIVE_COMPILATION_CONDITIONS = DEBUG;
				SWIFT_OPTIMIZATION_LEVEL = "-Onone";
			};
			name = Debug;
		};
		5DD5E5002A075C3C003AE566 /* Release */ = {
			isa = XCBuildConfiguration;
			buildSettings = {
				ALWAYS_SEARCH_USER_PATHS = NO;
				CLANG_ANALYZER_NONNULL = YES;
				CLANG_ANALYZER_NUMBER_OBJECT_CONVERSION = YES_AGGRESSIVE;
				CLANG_CXX_LANGUAGE_STANDARD = "gnu++17";
				CLANG_CXX_LIBRARY = "libc++";
				CLANG_ENABLE_MODULES = YES;
				CLANG_ENABLE_OBJC_ARC = YES;
				CLANG_ENABLE_OBJC_WEAK = YES;
				CLANG_WARN_BLOCK_CAPTURE_AUTORELEASING = YES;
				CLANG_WARN_BOOL_CONVERSION = YES;
				CLANG_WARN_COMMA = YES;
				CLANG_WARN_CONSTANT_CONVERSION = YES;
				CLANG_WARN_DEPRECATED_OBJC_IMPLEMENTATIONS = YES;
				CLANG_WARN_DIRECT_OBJC_ISA_USAGE = YES_ERROR;
				CLANG_WARN_DOCUMENTATION_COMMENTS = YES;
				CLANG_WARN_EMPTY_BODY = YES;
				CLANG_WARN_ENUM_CONVERSION = YES;
				CLANG_WARN_INFINITE_RECURSION = YES;
				CLANG_WARN_INT_CONVERSION = YES;
				CLANG_WARN_NON_LITERAL_NULL_CONVERSION = YES;
				CLANG_WARN_OBJC_IMPLICIT_RETAIN_SELF = YES;
				CLANG_WARN_OBJC_LITERAL_CONVERSION = YES;
				CLANG_WARN_OBJC_ROOT_CLASS = YES_ERROR;
				CLANG_WARN_QUOTED_INCLUDE_IN_FRAMEWORK_HEADER = YES;
				CLANG_WARN_RANGE_LOOP_ANALYSIS = YES;
				CLANG_WARN_STRICT_PROTOTYPES = YES;
				CLANG_WARN_SUSPICIOUS_MOVE = YES;
				CLANG_WARN_UNGUARDED_AVAILABILITY = YES_AGGRESSIVE;
				CLANG_WARN_UNREACHABLE_CODE = YES;
				CLANG_WARN__DUPLICATE_METHOD_MATCH = YES;
				COPY_PHASE_STRIP = NO;
				DEBUG_INFORMATION_FORMAT = "dwarf-with-dsym";
				ENABLE_NS_ASSERTIONS = NO;
				ENABLE_STRICT_OBJC_MSGSEND = YES;
				GCC_C_LANGUAGE_STANDARD = gnu11;
				GCC_NO_COMMON_BLOCKS = YES;
				GCC_WARN_64_TO_32_BIT_CONVERSION = YES;
				GCC_WARN_ABOUT_RETURN_TYPE = YES_ERROR;
				GCC_WARN_UNDECLARED_SELECTOR = YES;
				GCC_WARN_UNINITIALIZED_AUTOS = YES_AGGRESSIVE;
				GCC_WARN_UNUSED_FUNCTION = YES;
				GCC_WARN_UNUSED_VARIABLE = YES;
				IPHONEOS_DEPLOYMENT_TARGET = 15.2;
				MTL_ENABLE_DEBUG_INFO = NO;
				MTL_FAST_MATH = YES;
				SDKROOT = iphoneos;
				SWIFT_COMPILATION_MODE = wholemodule;
				SWIFT_OPTIMIZATION_LEVEL = "-O";
				VALIDATE_PRODUCT = YES;
			};
			name = Release;
		};
		5DD5E5022A075C3C003AE566 /* Debug */ = {
			isa = XCBuildConfiguration;
			buildSettings = {
				ASSETCATALOG_COMPILER_APPICON_NAME = AppIcon;
				ASSETCATALOG_COMPILER_GLOBAL_ACCENT_COLOR_NAME = AccentColor;
				CODE_SIGN_STYLE = Automatic;
				CURRENT_PROJECT_VERSION = 1;
				DEVELOPMENT_ASSET_PATHS = "\"swiftUIInstagram/Preview Content\"";
				DEVELOPMENT_TEAM = 8V57DJJGL2;
				ENABLE_PREVIEWS = YES;
				GENERATE_INFOPLIST_FILE = YES;
				INFOPLIST_KEY_UIApplicationSceneManifest_Generation = YES;
				INFOPLIST_KEY_UIApplicationSupportsIndirectInputEvents = YES;
				INFOPLIST_KEY_UILaunchScreen_Generation = YES;
				INFOPLIST_KEY_UISupportedInterfaceOrientations_iPad = "UIInterfaceOrientationPortrait UIInterfaceOrientationPortraitUpsideDown UIInterfaceOrientationLandscapeLeft UIInterfaceOrientationLandscapeRight";
				INFOPLIST_KEY_UISupportedInterfaceOrientations_iPhone = "UIInterfaceOrientationPortrait UIInterfaceOrientationLandscapeLeft UIInterfaceOrientationLandscapeRight";
				LD_RUNPATH_SEARCH_PATHS = (
					"$(inherited)",
					"@executable_path/Frameworks",
				);
				MARKETING_VERSION = 1.0;
				PRODUCT_BUNDLE_IDENTIFIER = chimao.swiftUIInstagram;
				PRODUCT_NAME = "$(TARGET_NAME)";
				SWIFT_EMIT_LOC_STRINGS = YES;
				SWIFT_VERSION = 5.0;
				TARGETED_DEVICE_FAMILY = "1,2";
			};
			name = Debug;
		};
		5DD5E5032A075C3C003AE566 /* Release */ = {
			isa = XCBuildConfiguration;
			buildSettings = {
				ASSETCATALOG_COMPILER_APPICON_NAME = AppIcon;
				ASSETCATALOG_COMPILER_GLOBAL_ACCENT_COLOR_NAME = AccentColor;
				CODE_SIGN_STYLE = Automatic;
				CURRENT_PROJECT_VERSION = 1;
				DEVELOPMENT_ASSET_PATHS = "\"swiftUIInstagram/Preview Content\"";
				DEVELOPMENT_TEAM = 8V57DJJGL2;
				ENABLE_PREVIEWS = YES;
				GENERATE_INFOPLIST_FILE = YES;
				INFOPLIST_KEY_UIApplicationSceneManifest_Generation = YES;
				INFOPLIST_KEY_UIApplicationSupportsIndirectInputEvents = YES;
				INFOPLIST_KEY_UILaunchScreen_Generation = YES;
				INFOPLIST_KEY_UISupportedInterfaceOrientations_iPad = "UIInterfaceOrientationPortrait UIInterfaceOrientationPortraitUpsideDown UIInterfaceOrientationLandscapeLeft UIInterfaceOrientationLandscapeRight";
				INFOPLIST_KEY_UISupportedInterfaceOrientations_iPhone = "UIInterfaceOrientationPortrait UIInterfaceOrientationLandscapeLeft UIInterfaceOrientationLandscapeRight";
				LD_RUNPATH_SEARCH_PATHS = (
					"$(inherited)",
					"@executable_path/Frameworks",
				);
				MARKETING_VERSION = 1.0;
				PRODUCT_BUNDLE_IDENTIFIER = chimao.swiftUIInstagram;
				PRODUCT_NAME = "$(TARGET_NAME)";
				SWIFT_EMIT_LOC_STRINGS = YES;
				SWIFT_VERSION = 5.0;
				TARGETED_DEVICE_FAMILY = "1,2";
			};
			name = Release;
		};
/* End XCBuildConfiguration section */

/* Begin XCConfigurationList section */
		5DD5E4EE2A075C3A003AE566 /* Build configuration list for PBXProject "swiftUIInstagram" */ = {
			isa = XCConfigurationList;
			buildConfigurations = (
				5DD5E4FF2A075C3C003AE566 /* Debug */,
				5DD5E5002A075C3C003AE566 /* Release */,
			);
			defaultConfigurationIsVisible = 0;
			defaultConfigurationName = Release;
		};
		5DD5E5012A075C3C003AE566 /* Build configuration list for PBXNativeTarget "swiftUIInstagram" */ = {
			isa = XCConfigurationList;
			buildConfigurations = (
				5DD5E5022A075C3C003AE566 /* Debug */,
				5DD5E5032A075C3C003AE566 /* Release */,
			);
			defaultConfigurationIsVisible = 0;
			defaultConfigurationName = Release;
		};
/* End XCConfigurationList section */
	};
	rootObject = 5DD5E4EB2A075C3A003AE566 /* Project object */;
}
